// !$*UTF8*$!
{
	archiveVersion = 1;
	classes = {
	};
	objectVersion = 46;
	objects = {

/* Begin PBXBuildFile section */
		4AF49DB71E6E4C3900CFD363 /* AppDelegate.swift in Sources */ = {isa = PBXBuildFile; fileRef = 4AF49DB61E6E4C3900CFD363 /* AppDelegate.swift */; };
		4AF49DBC1E6E4C3900CFD363 /* Main.storyboard in Resources */ = {isa = PBXBuildFile; fileRef = 4AF49DBA1E6E4C3900CFD363 /* Main.storyboard */; };
		4AF49DBE1E6E4C3900CFD363 /* Assets.xcassets in Resources */ = {isa = PBXBuildFile; fileRef = 4AF49DBD1E6E4C3900CFD363 /* Assets.xcassets */; };
		4AF49DC11E6E4C3900CFD363 /* LaunchScreen.storyboard in Resources */ = {isa = PBXBuildFile; fileRef = 4AF49DBF1E6E4C3900CFD363 /* LaunchScreen.storyboard */; };
/* End PBXBuildFile section */

/* Begin PBXFileReference section */
		4AF49DB31E6E4C3900CFD363 /* DYZBL.app */ = {isa = PBXFileReference; explicitFileType = wrapper.application; includeInIndex = 0; path = DYZBL.app; sourceTree = BUILT_PRODUCTS_DIR; };
		4AF49DB61E6E4C3900CFD363 /* AppDelegate.swift */ = {isa = PBXFileReference; lastKnownFileType = sourcecode.swift; path = AppDelegate.swift; sourceTree = "<group>"; };
		4AF49DBB1E6E4C3900CFD363 /* Base */ = {isa = PBXFileReference; lastKnownFileType = file.storyboard; name = Base; path = Base.lproj/Main.storyboard; sourceTree = "<group>"; };
		4AF49DBD1E6E4C3900CFD363 /* Assets.xcassets */ = {isa = PBXFileReference; lastKnownFileType = folder.assetcatalog; path = Assets.xcassets; sourceTree = "<group>"; };
		4AF49DC01E6E4C3900CFD363 /* Base */ = {isa = PBXFileReference; lastKnownFileType = file.storyboard; name = Base; path = Base.lproj/LaunchScreen.storyboard; sourceTree = "<group>"; };
		4AF49DC21E6E4C3900CFD363 /* Info.plist */ = {isa = PBXFileReference; lastKnownFileType = text.plist.xml; path = Info.plist; sourceTree = "<group>"; };
/* End PBXFileReference section */

/* Begin PBXFrameworksBuildPhase section */
		4AF49DB01E6E4C3900CFD363 /* Frameworks */ = {
			isa = PBXFrameworksBuildPhase;
			buildActionMask = 2147483647;
			files = (
			);
			runOnlyForDeploymentPostprocessing = 0;
		};
/* End PBXFrameworksBuildPhase section */

/* Begin PBXGroup section */
		4AF49DAA1E6E4C3900CFD363 = {
			isa = PBXGroup;
			children = (
				4AF49DB51E6E4C3900CFD363 /* DYZBL */,
				4AF49DB41E6E4C3900CFD363 /* Products */,
			);
			sourceTree = "<group>";
		};
		4AF49DB41E6E4C3900CFD363 /* Products */ = {
			isa = PBXGroup;
			children = (
				4AF49DB31E6E4C3900CFD363 /* DYZBL.app */,
			);
			name = Products;
			sourceTree = "<group>";
		};
		4AF49DB51E6E4C3900CFD363 /* DYZBL */ = {
			isa = PBXGroup;
			children = (
				4AF49DC81E6E572000CFD363 /* classese */,
				4AF49DB61E6E4C3900CFD363 /* AppDelegate.swift */,
				4AF49DBA1E6E4C3900CFD363 /* Main.storyboard */,
				4AF49DBD1E6E4C3900CFD363 /* Assets.xcassets */,
				4AF49DBF1E6E4C3900CFD363 /* LaunchScreen.storyboard */,
				4AF49DC21E6E4C3900CFD363 /* Info.plist */,
			);
			path = DYZBL;
			sourceTree = "<group>";
		};
		4AF49DC81E6E572000CFD363 /* classese */ = {
			isa = PBXGroup;
			children = (
				4AF49DCC1E6E572000CFD363 /* Main */,
				4AF49DCA1E6E572000CFD363 /* Home */,
				4AF49DCB1E6E572000CFD363 /* Live */,
				4AF49DCD1E6E572000CFD363 /* Porfile */,
				4AF49DCE1E6E572000CFD363 /* Tools */,
			);
			path = classese;
			sourceTree = "<group>";
		};
		4AF49DC91E6E572000CFD363 /* Follow */ = {
			isa = PBXGroup;
			children = (
			);
			name = Follow;
			path = ../Follow;
			sourceTree = "<group>";
		};
		4AF49DCA1E6E572000CFD363 /* Home */ = {
			isa = PBXGroup;
			children = (
			);
			path = Home;
			sourceTree = "<group>";
		};
		4AF49DCB1E6E572000CFD363 /* Live */ = {
			isa = PBXGroup;
			children = (
			);
			path = Live;
			sourceTree = "<group>";
		};
		4AF49DCC1E6E572000CFD363 /* Main */ = {
			isa = PBXGroup;
			children = (
			);
			path = Main;
			sourceTree = "<group>";
		};
		4AF49DCD1E6E572000CFD363 /* Porfile */ = {
			isa = PBXGroup;
			children = (
				4AF49DC91E6E572000CFD363 /* Follow */,
			);
			path = Porfile;
			sourceTree = "<group>";
		};
		4AF49DCE1E6E572000CFD363 /* Tools */ = {
			isa = PBXGroup;
			children = (
			);
			path = Tools;
			sourceTree = "<group>";
		};
/* End PBXGroup section */

/* Begin PBXNativeTarget section */
		4AF49DB21E6E4C3900CFD363 /* DYZBL */ = {
			isa = PBXNativeTarget;
			buildConfigurationList = 4AF49DC51E6E4C3900CFD363 /* Build configuration list for PBXNativeTarget "DYZBL" */;
			buildPhases = (
				4AF49DAF1E6E4C3900CFD363 /* Sources */,
				4AF49DB01E6E4C3900CFD363 /* Frameworks */,
				4AF49DB11E6E4C3900CFD363 /* Resources */,
			);
			buildRules = (
			);
			dependencies = (
			);
			name = DYZBL;
			productName = DYZBL;
			productReference = 4AF49DB31E6E4C3900CFD363 /* DYZBL.app */;
			productType = "com.apple.product-type.application";
		};
/* End PBXNativeTarget section */

/* Begin PBXProject section */
		4AF49DAB1E6E4C3900CFD363 /* Project object */ = {
			isa = PBXProject;
			attributes = {
				LastSwiftUpdateCheck = 0820;
				LastUpgradeCheck = 0820;
				ORGANIZATIONNAME = "Big Nerd Ranch";
				TargetAttributes = {
					4AF49DB21E6E4C3900CFD363 = {
						CreatedOnToolsVersion = 8.2.1;
						DevelopmentTeam = A9XF7W9VC2;
						ProvisioningStyle = Automatic;
					};
				};
			};
			buildConfigurationList = 4AF49DAE1E6E4C3900CFD363 /* Build configuration list for PBXProject "DYZBL" */;
			compatibilityVersion = "Xcode 3.2";
			developmentRegion = English;
			hasScannedForEncodings = 0;
			knownRegions = (
				en,
				Base,
			);
			mainGroup = 4AF49DAA1E6E4C3900CFD363;
			productRefGroup = 4AF49DB41E6E4C3900CFD363 /* Products */;
			projectDirPath = "";
			projectRoot = "";
			targets = (
				4AF49DB21E6E4C3900CFD363 /* DYZBL */,
			);
		};
/* End PBXProject section */

/* Begin PBXResourcesBuildPhase section */
		4AF49DB11E6E4C3900CFD363 /* Resources */ = {
			isa = PBXResourcesBuildPhase;
			buildActionMask = 2147483647;
			files = (
				4AF49DC11E6E4C3900CFD363 /* LaunchScreen.storyboard in Resources */,
				4AF49DBE1E6E4C3900CFD363 /* Assets.xcassets in Resources */,
				4AF49DBC1E6E4C3900CFD363 /* Main.storyboard in Resources */,
			);
			runOnlyForDeploymentPostprocessing = 0;
		};
/* End PBXResourcesBuildPhase section */

/* Begin PBXSourcesBuildPhase section */
		4AF49DAF1E6E4C3900CFD363 /* Sources */ = {
			isa = PBXSourcesBuildPhase;
			buildActionMask = 2147483647;
			files = (
				4AF49DB71E6E4C3900CFD363 /* AppDelegate.swift in Sources */,
			);
			runOnlyForDeploymentPostprocessing = 0;
		};
/* End PBXSourcesBuildPhase section */

/* Begin PBXVariantGroup section */
		4AF49DBA1E6E4C3900CFD363 /* Main.storyboard */ = {
			isa = PBXVariantGroup;
			children = (
				4AF49DBB1E6E4C3900CFD363 /* Base */,
			);
			name = Main.storyboard;
			sourceTree = "<group>";
		};
		4AF49DBF1E6E4C3900CFD363 /* LaunchScreen.storyboard */ = {
			isa = PBXVariantGroup;
			children = (
				4AF49DC01E6E4C3900CFD363 /* Base */,
			);
			name = LaunchScreen.storyboard;
			sourceTree = "<group>";
		};
/* End PBXVariantGroup section */

/* Begin XCBuildConfiguration section */
		4AF49DC31E6E4C3900CFD363 /* Debug */ = {
			isa = XCBuildConfiguration;
			buildSettings = {
				ALWAYS_SEARCH_USER_PATHS = NO;
				CLANG_ANALYZER_NONNULL = YES;
				CLANG_CXX_LANGUAGE_STANDARD = "gnu++0x";
				CLANG_CXX_LIBRARY = "libc++";
				CLANG_ENABLE_MODULES = YES;
				CLANG_ENABLE_OBJC_ARC = YES;
				CLANG_WARN_BOOL_CONVERSION = YES;
				CLANG_WARN_CONSTANT_CONVERSION = YES;
				CLANG_WARN_DIRECT_OBJC_ISA_USAGE = YES_ERROR;
				CLANG_WARN_DOCUMENTATION_COMMENTS = YES;
				CLANG_WARN_EMPTY_BODY = YES;
				CLANG_WARN_ENUM_CONVERSION = YES;
				CLANG_WARN_INFINITE_RECURSION = YES;
				CLANG_WARN_INT_CONVERSION = YES;
				CLANG_WARN_OBJC_ROOT_CLASS = YES_ERROR;
				CLANG_WARN_SUSPICIOUS_MOVE = YES;
				CLANG_WARN_UNREACHABLE_CODE = YES;
				CLANG_WARN__DUPLICATE_METHOD_MATCH = YES;
				"CODE_SIGN_IDENTITY[sdk=iphoneos*]" = "iPhone Developer";
				COPY_PHASE_STRIP = NO;
				DEBUG_INFORMATION_FORMAT = dwarf;
				ENABLE_STRICT_OBJC_MSGSEND = YES;
				ENABLE_TESTABILITY = YES;
				GCC_C_LANGUAGE_STANDARD = gnu99;
				GCC_DYNAMIC_NO_PIC = NO;
				GCC_NO_COMMON_BLOCKS = YES;
				GCC_OPTIMIZATION_LEVEL = 0;
				GCC_PREPROCESSOR_DEFINITIONS = (
					"DEBUG=1",
					"$(inherited)",
				);
				GCC_WARN_64_TO_32_BIT_CONVERSION = YES;
				GCC_WARN_ABOUT_RETURN_TYPE = YES_ERROR;
				GCC_WARN_UNDECLARED_SELECTOR = YES;
				GCC_WARN_UNINITIALIZED_AUTOS = YES_AGGRESSIVE;
				GCC_WARN_UNUSED_FUNCTION = YES;
				GCC_WARN_UNUSED_VARIABLE = YES;
				IPHONEOS_DEPLOYMENT_TARGET = 10.2;
				MTL_ENABLE_DEBUG_INFO = YES;
				ONLY_ACTIVE_ARCH = YES;
				SDKROOT = iphoneos;
				SWIFT_ACTIVE_COMPILATION_CONDITIONS = DEBUG;
				SWIFT_OPTIMIZATION_LEVEL = "-Onone";
			};
			name = Debug;
		};
		4AF49DC41E6E4C3900CFD363 /* Release */ = {
			isa = XCBuildConfiguration;
			buildSettings = {
				ALWAYS_SEARCH_USER_PATHS = NO;
				CLANG_ANALYZER_NONNULL = YES;
				CLANG_CXX_LANGUAGE_STANDARD = "gnu++0x";
				CLANG_CXX_LIBRARY = "libc++";
				CLANG_ENABLE_MODULES = YES;
				CLANG_ENABLE_OBJC_ARC = YES;
				CLANG_WARN_BOOL_CONVERSION = YES;
				CLANG_WARN_CONSTANT_CONVERSION = YES;
				CLANG_WARN_DIRECT_OBJC_ISA_USAGE = YES_ERROR;
				CLANG_WARN_DOCUMENTATION_COMMENTS = YES;
				CLANG_WARN_EMPTY_BODY = YES;
				CLANG_WARN_ENUM_CONVERSION = YES;
				CLANG_WARN_INFINITE_RECURSION = YES;
				CLANG_WARN_INT_CONVERSION = YES;
				CLANG_WARN_OBJC_ROOT_CLASS = YES_ERROR;
				CLANG_WARN_SUSPICIOUS_MOVE = YES;
				CLANG_WARN_UNREACHABLE_CODE = YES;
				CLANG_WARN__DUPLICATE_METHOD_MATCH = YES;
				"CODE_SIGN_IDENTITY[sdk=iphoneos*]" = "iPhone Developer";
				COPY_PHASE_STRIP = NO;
				DEBUG_INFORMATION_FORMAT = "dwarf-with-dsym";
				ENABLE_NS_ASSERTIONS = NO;
				ENABLE_STRICT_OBJC_MSGSEND = YES;
				GCC_C_LANGUAGE_STANDARD = gnu99;
				GCC_NO_COMMON_BLOCKS = YES;
				GCC_WARN_64_TO_32_BIT_CONVERSION = YES;
				GCC_WARN_ABOUT_RETURN_TYPE = YES_ERROR;
				GCC_WARN_UNDECLARED_SELECTOR = YES;
				GCC_WARN_UNINITIALIZED_AUTOS = YES_AGGRESSIVE;
				GCC_WARN_UNUSED_FUNCTION = YES;
				GCC_WARN_UNUSED_VARIABLE = YES;
				IPHONEOS_DEPLOYMENT_TARGET = 10.2;
				MTL_ENABLE_DEBUG_INFO = NO;
				SDKROOT = iphoneos;
				SWIFT_OPTIMIZATION_LEVEL = "-Owholemodule";
				VALIDATE_PRODUCT = YES;
			};
			name = Release;
		};
		4AF49DC61E6E4C3900CFD363 /* Debug */ = {
			isa = XCBuildConfiguration;
			buildSettings = {
				ASSETCATALOG_COMPILER_APPICON_NAME = AppIcon;
				ASSETCATALOG_COMPILER_LAUNCHIMAGE_NAME = LaunchImage;
				DEVELOPMENT_TEAM = A9XF7W9VC2;
				INFOPLIST_FILE = DYZBL/Info.plist;
				IPHONEOS_DEPLOYMENT_TARGET = 9.0;
				LD_RUNPATH_SEARCH_PATHS = "$(inherited) @executable_path/Frameworks";
				PRODUCT_BUNDLE_IDENTIFIER = "-.DYZBL";
				PRODUCT_NAME = "$(TARGET_NAME)";
				SWIFT_VERSION = 3.0;
			};
			name = Debug;
		};
		4AF49DC71E6E4C3900CFD363 /* Release */ = {
			isa = XCBuildConfiguration;
			buildSettings = {
				ASSETCATALOG_COMPILER_APPICON_NAME = AppIcon;
				ASSETCATALOG_COMPILER_LAUNCHIMAGE_NAME = LaunchImage;
				DEVELOPMENT_TEAM = A9XF7W9VC2;
				INFOPLIST_FILE = DYZBL/Info.plist;
				IPHONEOS_DEPLOYMENT_TARGET = 9.0;
				LD_RUNPATH_SEARCH_PATHS = "$(inherited) @executable_path/Frameworks";
				PRODUCT_BUNDLE_IDENTIFIER = "-.DYZBL";
				PRODUCT_NAME = "$(TARGET_NAME)";
				SWIFT_VERSION = 3.0;
			};
			name = Release;
		};
/* End XCBuildConfiguration section */

/* Begin XCConfigurationList section */
		4AF49DAE1E6E4C3900CFD363 /* Build configuration list for PBXProject "DYZBL" */ = {
			isa = XCConfigurationList;
			buildConfigurations = (
				4AF49DC31E6E4C3900CFD363 /* Debug */,
				4AF49DC41E6E4C3900CFD363 /* Release */,
			);
			defaultConfigurationIsVisible = 0;
			defaultConfigurationName = Release;
		};
		4AF49DC51E6E4C3900CFD363 /* Build configuration list for PBXNativeTarget "DYZBL" */ = {
			isa = XCConfigurationList;
			buildConfigurations = (
				4AF49DC61E6E4C3900CFD363 /* Debug */,
				4AF49DC71E6E4C3900CFD363 /* Release */,
			);
			defaultConfigurationIsVisible = 0;
			defaultConfigurationName = Release;
		};
/* End XCConfigurationList section */
	};
	rootObject = 4AF49DAB1E6E4C3900CFD363 /* Project object */;
}
